
Microsoft Visual Studio Solution File, Format Version 12.00
# Visual Studio Version 16
VisualStudioVersion = 16.0.30114.105
MinimumVisualStudioVersion = 10.0.40219.1
Project("{FAE04EC0-301F-11D3-BF4B-00C04F79EFBC}") = "ClubConsole", "ClubConsole\ClubConsole.csproj", "{8AF5DB27-BDC9-4D51-802A-4AE99FEF62CE}"
EndProject
Project("{FAE04EC0-301F-11D3-BF4B-00C04F79EFBC}") = "ClubDatos", "ClubDatos\ClubDatos.csproj", "{65CA8D2A-5A1B-4C0C-BACC-3C22CF635BB3}"
EndProject
Project("{FAE04EC0-301F-11D3-BF4B-00C04F79EFBC}") = "ClubObjects", "ClubObjects\ClubObjects.csproj", "{2A6CE142-EDB1-4051-AFDA-C4071D73D4EF}"
EndProject
Project("{FAE04EC0-301F-11D3-BF4B-00C04F79EFBC}") = "GestionApp", "GestionApp\GestionApp.csproj", "{1AB5E282-65AB-4D70-9357-E8C4E84C3A1E}"
EndProject
Global
	GlobalSection(SolutionConfigurationPlatforms) = preSolution
		Debug|Any CPU = Debug|Any CPU
		Release|Any CPU = Release|Any CPU
	EndGlobalSection
	GlobalSection(SolutionProperties) = preSolution
		HideSolutionNode = FALSE
	EndGlobalSection
	GlobalSection(ProjectConfigurationPlatforms) = postSolution
		{8AF5DB27-BDC9-4D51-802A-4AE99FEF62CE}.Debug|Any CPU.ActiveCfg = Debug|Any CPU
		{8AF5DB27-BDC9-4D51-802A-4AE99FEF62CE}.Debug|Any CPU.Build.0 = Debug|Any CPU
		{8AF5DB27-BDC9-4D51-802A-4AE99FEF62CE}.Release|Any CPU.ActiveCfg = Release|Any CPU
		{8AF5DB27-BDC9-4D51-802A-4AE99FEF62CE}.Release|Any CPU.Build.0 = Release|Any CPU
		{65CA8D2A-5A1B-4C0C-BACC-3C22CF635BB3}.Debug|Any CPU.ActiveCfg = Debug|Any CPU
		{65CA8D2A-5A1B-4C0C-BACC-3C22CF635BB3}.Debug|Any CPU.Build.0 = Debug|Any CPU
		{65CA8D2A-5A1B-4C0C-BACC-3C22CF635BB3}.Release|Any CPU.ActiveCfg = Release|Any CPU
		{65CA8D2A-5A1B-4C0C-BACC-3C22CF635BB3}.Release|Any CPU.Build.0 = Release|Any CPU
		{2A6CE142-EDB1-4051-AFDA-C4071D73D4EF}.Debug|Any CPU.ActiveCfg = Debug|Any CPU
		{2A6CE142-EDB1-4051-AFDA-C4071D73D4EF}.Debug|Any CPU.Build.0 = Debug|Any CPU
		{2A6CE142-EDB1-4051-AFDA-C4071D73D4EF}.Release|Any CPU.ActiveCfg = Release|Any CPU
		{2A6CE142-EDB1-4051-AFDA-C4071D73D4EF}.Release|Any CPU.Build.0 = Release|Any CPU
		{1AB5E282-65AB-4D70-9357-E8C4E84C3A1E}.Debug|Any CPU.ActiveCfg = Debug|Any CPU
		{1AB5E282-65AB-4D70-9357-E8C4E84C3A1E}.Debug|Any CPU.Build.0 = Debug|Any CPU
		{1AB5E282-65AB-4D70-9357-E8C4E84C3A1E}.Release|Any CPU.ActiveCfg = Release|Any CPU
		{1AB5E282-65AB-4D70-9357-E8C4E84C3A1E}.Release|Any CPU.Build.0 = Release|Any CPU
	EndGlobalSection
EndGlobal
